
Microsoft Visual Studio Solution File, Format Version 12.00
# Visual Studio Version 17
VisualStudioVersion = 17.0.31903.59
MinimumVisualStudioVersion = 10.0.40219.1
Project("{FAE04EC0-301F-11D3-BF4B-00C04F79EFBC}") = "API", "API\API.csproj", "{9E513A74-5F84-4CE1-AE67-7FD53D9A3B6F}"
EndProject
Project("{FAE04EC0-301F-11D3-BF4B-00C04F79EFBC}") = "Core", "Core\Core.csproj", "{58C70B3B-95C4-4FBD-9067-2D05D48C82C1}"
EndProject
Project("{FAE04EC0-301F-11D3-BF4B-00C04F79EFBC}") = "Infrastructure", "Infrastructure\Infrastructure.csproj", "{64F65167-FEDE-4011-A171-9335EC6C1465}"
EndProject
Project("{FAE04EC0-301F-11D3-BF4B-00C04F79EFBC}") = "SharedKernel", "SharedKernel\SharedKernel.csproj", "{7ABD67A5-D605-45F4-A9E6-7E5A7B741963}"
EndProject
Project("{FAE04EC0-301F-11D3-BF4B-00C04F79EFBC}") = "Application", "Application\Application.csproj", "{2075736F-6E47-4956-978D-A4722DBF18F7}"
EndProject
Global
	GlobalSection(SolutionConfigurationPlatforms) = preSolution
		Debug|Any CPU = Debug|Any CPU
		Release|Any CPU = Release|Any CPU
	EndGlobalSection
	GlobalSection(ProjectConfigurationPlatforms) = postSolution
		{9E513A74-5F84-4CE1-AE67-7FD53D9A3B6F}.Debug|Any CPU.ActiveCfg = Debug|Any CPU
		{9E513A74-5F84-4CE1-AE67-7FD53D9A3B6F}.Debug|Any CPU.Build.0 = Debug|Any CPU
		{9E513A74-5F84-4CE1-AE67-7FD53D9A3B6F}.Release|Any CPU.ActiveCfg = Release|Any CPU
		{9E513A74-5F84-4CE1-AE67-7FD53D9A3B6F}.Release|Any CPU.Build.0 = Release|Any CPU
		{58C70B3B-95C4-4FBD-9067-2D05D48C82C1}.Debug|Any CPU.ActiveCfg = Debug|Any CPU
		{58C70B3B-95C4-4FBD-9067-2D05D48C82C1}.Debug|Any CPU.Build.0 = Debug|Any CPU
		{58C70B3B-95C4-4FBD-9067-2D05D48C82C1}.Release|Any CPU.ActiveCfg = Release|Any CPU
		{58C70B3B-95C4-4FBD-9067-2D05D48C82C1}.Release|Any CPU.Build.0 = Release|Any CPU
		{64F65167-FEDE-4011-A171-9335EC6C1465}.Debug|Any CPU.ActiveCfg = Debug|Any CPU
		{64F65167-FEDE-4011-A171-9335EC6C1465}.Debug|Any CPU.Build.0 = Debug|Any CPU
		{64F65167-FEDE-4011-A171-9335EC6C1465}.Release|Any CPU.ActiveCfg = Release|Any CPU
		{64F65167-FEDE-4011-A171-9335EC6C1465}.Release|Any CPU.Build.0 = Release|Any CPU
		{7ABD67A5-D605-45F4-A9E6-7E5A7B741963}.Debug|Any CPU.ActiveCfg = Debug|Any CPU
		{7ABD67A5-D605-45F4-A9E6-7E5A7B741963}.Debug|Any CPU.Build.0 = Debug|Any CPU
		{7ABD67A5-D605-45F4-A9E6-7E5A7B741963}.Release|Any CPU.ActiveCfg = Release|Any CPU
		{7ABD67A5-D605-45F4-A9E6-7E5A7B741963}.Release|Any CPU.Build.0 = Release|Any CPU
		{2075736F-6E47-4956-978D-A4722DBF18F7}.Debug|Any CPU.ActiveCfg = Debug|Any CPU
		{2075736F-6E47-4956-978D-A4722DBF18F7}.Debug|Any CPU.Build.0 = Debug|Any CPU
		{2075736F-6E47-4956-978D-A4722DBF18F7}.Release|Any CPU.ActiveCfg = Release|Any CPU
		{2075736F-6E47-4956-978D-A4722DBF18F7}.Release|Any CPU.Build.0 = Release|Any CPU
	EndGlobalSection
	GlobalSection(SolutionProperties) = preSolution
		HideSolutionNode = FALSE
	EndGlobalSection
EndGlobal
